// !$*UTF8*$!
{
	archiveVersion = 1;
	classes = {
	};
	objectVersion = 50;
	objects = {

/* Begin PBXBuildFile section */
		FB56A8AF219A9E1E00B89696 /* main.swift in Sources */ = {isa = PBXBuildFile; fileRef = FB56A8AE219A9E1E00B89696 /* main.swift */; };
		FB56A8B6219A9E5100B89696 /* Problem1.swift in Sources */ = {isa = PBXBuildFile; fileRef = FB56A8B5219A9E5100B89696 /* Problem1.swift */; };
		FB56A8B8219A9E5900B89696 /* Problem2.swift in Sources */ = {isa = PBXBuildFile; fileRef = FB56A8B7219A9E5900B89696 /* Problem2.swift */; };
		FB56A8BA219A9E6000B89696 /* Problem3.swift in Sources */ = {isa = PBXBuildFile; fileRef = FB56A8B9219A9E6000B89696 /* Problem3.swift */; };
		FB56A8BC219A9E6500B89696 /* Problem4.swift in Sources */ = {isa = PBXBuildFile; fileRef = FB56A8BB219A9E6500B89696 /* Problem4.swift */; };
		FB56A8BE219A9E6A00B89696 /* Problem5.swift in Sources */ = {isa = PBXBuildFile; fileRef = FB56A8BD219A9E6A00B89696 /* Problem5.swift */; };
		FB56A8C0219A9E7000B89696 /* Problem6.swift in Sources */ = {isa = PBXBuildFile; fileRef = FB56A8BF219A9E7000B89696 /* Problem6.swift */; };
		FB56A8C2219A9E7500B89696 /* Problem7.swift in Sources */ = {isa = PBXBuildFile; fileRef = FB56A8C1219A9E7500B89696 /* Problem7.swift */; };
		FB56A8C4219A9E7A00B89696 /* Problem8.swift in Sources */ = {isa = PBXBuildFile; fileRef = FB56A8C3219A9E7A00B89696 /* Problem8.swift */; };
		FB56A8C6219A9E8000B89696 /* Problem9.swift in Sources */ = {isa = PBXBuildFile; fileRef = FB56A8C5219A9E8000B89696 /* Problem9.swift */; };
		FB56A8C8219A9E8500B89696 /* Problem10x.swift in Sources */ = {isa = PBXBuildFile; fileRef = FB56A8C7219A9E8500B89696 /* Problem10x.swift */; };
		FB56A8CA219A9E8900B89696 /* Problem11.swift in Sources */ = {isa = PBXBuildFile; fileRef = FB56A8C9219A9E8900B89696 /* Problem11.swift */; };
		FB56A8CC219A9E8E00B89696 /* Problem12.swift in Sources */ = {isa = PBXBuildFile; fileRef = FB56A8CB219A9E8E00B89696 /* Problem12.swift */; };
		FB56A8CE219A9E9300B89696 /* Problem13.swift in Sources */ = {isa = PBXBuildFile; fileRef = FB56A8CD219A9E9300B89696 /* Problem13.swift */; };
		FB56A8F1219BB87200B89696 /* Problem14.swift in Sources */ = {isa = PBXBuildFile; fileRef = FB56A8F0219BB87200B89696 /* Problem14.swift */; };
		FB6FE92E219DA36C00B3A591 /* Problem15.swift in Sources */ = {isa = PBXBuildFile; fileRef = FB6FE92D219DA36C00B3A591 /* Problem15.swift */; };
		FB6FE930219E94F100B3A591 /* Problem16x.swift in Sources */ = {isa = PBXBuildFile; fileRef = FB6FE92F219E94F100B3A591 /* Problem16x.swift */; };
		FB6FE932219EAC2A00B3A591 /* Problem17.swift in Sources */ = {isa = PBXBuildFile; fileRef = FB6FE931219EAC2A00B3A591 /* Problem17.swift */; };
		FB98497021A045A900D517EC /* Problem21.swift in Sources */ = {isa = PBXBuildFile; fileRef = FB98496F21A045A900D517EC /* Problem21.swift */; };
		FB98497221A1330700D517EC /* Problem22x.swift in Sources */ = {isa = PBXBuildFile; fileRef = FB98497121A1330700D517EC /* Problem22x.swift */; };
		FB98497421A13F7D00D517EC /* Problem27.swift in Sources */ = {isa = PBXBuildFile; fileRef = FB98497321A13F7D00D517EC /* Problem27.swift */; };
		FB98497621A2528E00D517EC /* Problem24.swift in Sources */ = {isa = PBXBuildFile; fileRef = FB98497521A2528E00D517EC /* Problem24.swift */; };
		FB98497821A5170400D517EC /* Problem26.swift in Sources */ = {isa = PBXBuildFile; fileRef = FB98497721A5170400D517EC /* Problem26.swift */; };
		FB98498021A6422200D517EC /* Problem25.swift in Sources */ = {isa = PBXBuildFile; fileRef = FB98497F21A6422200D517EC /* Problem25.swift */; };
		FBAFE74621AA951000FD870C /* Problem28.swift in Sources */ = {isa = PBXBuildFile; fileRef = FBAFE74521AA951000FD870C /* Problem28.swift */; };
		FBAFE74821AA9A7300FD870C /* Problem29x.swift in Sources */ = {isa = PBXBuildFile; fileRef = FBAFE74721AA9A7300FD870C /* Problem29x.swift */; };
		FBAFE74A21AAA0F200FD870C /* Problem35.swift in Sources */ = {isa = PBXBuildFile; fileRef = FBAFE74921AAA0F200FD870C /* Problem35.swift */; };
		FBAFE74C21AAA50900FD870C /* Problem34.swift in Sources */ = {isa = PBXBuildFile; fileRef = FBAFE74B21AAA50900FD870C /* Problem34.swift */; };
		FBAFE74E21ABC4C500FD870C /* Problem19.swift in Sources */ = {isa = PBXBuildFile; fileRef = FBAFE74D21ABC4C500FD870C /* Problem19.swift */; };
/* End PBXBuildFile section */

/* Begin PBXCopyFilesBuildPhase section */
		FB56A8A9219A9E1E00B89696 /* CopyFiles */ = {
			isa = PBXCopyFilesBuildPhase;
			buildActionMask = 2147483647;
			dstPath = /usr/share/man/man1/;
			dstSubfolderSpec = 0;
			files = (
			);
			runOnlyForDeploymentPostprocessing = 1;
		};
/* End PBXCopyFilesBuildPhase section */

/* Begin PBXFileReference section */
		FB56A8AB219A9E1E00B89696 /* ZCPLeetCodeSwift */ = {isa = PBXFileReference; explicitFileType = "compiled.mach-o.executable"; includeInIndex = 0; path = ZCPLeetCodeSwift; sourceTree = BUILT_PRODUCTS_DIR; };
		FB56A8AE219A9E1E00B89696 /* main.swift */ = {isa = PBXFileReference; lastKnownFileType = sourcecode.swift; path = main.swift; sourceTree = "<group>"; };
		FB56A8B5219A9E5100B89696 /* Problem1.swift */ = {isa = PBXFileReference; lastKnownFileType = sourcecode.swift; path = Problem1.swift; sourceTree = "<group>"; };
		FB56A8B7219A9E5900B89696 /* Problem2.swift */ = {isa = PBXFileReference; lastKnownFileType = sourcecode.swift; path = Problem2.swift; sourceTree = "<group>"; };
		FB56A8B9219A9E6000B89696 /* Problem3.swift */ = {isa = PBXFileReference; lastKnownFileType = sourcecode.swift; path = Problem3.swift; sourceTree = "<group>"; };
		FB56A8BB219A9E6500B89696 /* Problem4.swift */ = {isa = PBXFileReference; lastKnownFileType = sourcecode.swift; path = Problem4.swift; sourceTree = "<group>"; };
		FB56A8BD219A9E6A00B89696 /* Problem5.swift */ = {isa = PBXFileReference; lastKnownFileType = sourcecode.swift; path = Problem5.swift; sourceTree = "<group>"; };
		FB56A8BF219A9E7000B89696 /* Problem6.swift */ = {isa = PBXFileReference; lastKnownFileType = sourcecode.swift; path = Problem6.swift; sourceTree = "<group>"; };
		FB56A8C1219A9E7500B89696 /* Problem7.swift */ = {isa = PBXFileReference; lastKnownFileType = sourcecode.swift; path = Problem7.swift; sourceTree = "<group>"; };
		FB56A8C3219A9E7A00B89696 /* Problem8.swift */ = {isa = PBXFileReference; lastKnownFileType = sourcecode.swift; path = Problem8.swift; sourceTree = "<group>"; };
		FB56A8C5219A9E8000B89696 /* Problem9.swift */ = {isa = PBXFileReference; lastKnownFileType = sourcecode.swift; path = Problem9.swift; sourceTree = "<group>"; };
		FB56A8C7219A9E8500B89696 /* Problem10x.swift */ = {isa = PBXFileReference; lastKnownFileType = sourcecode.swift; path = Problem10x.swift; sourceTree = "<group>"; };
		FB56A8C9219A9E8900B89696 /* Problem11.swift */ = {isa = PBXFileReference; lastKnownFileType = sourcecode.swift; path = Problem11.swift; sourceTree = "<group>"; };
		FB56A8CB219A9E8E00B89696 /* Problem12.swift */ = {isa = PBXFileReference; lastKnownFileType = sourcecode.swift; path = Problem12.swift; sourceTree = "<group>"; };
		FB56A8CD219A9E9300B89696 /* Problem13.swift */ = {isa = PBXFileReference; lastKnownFileType = sourcecode.swift; path = Problem13.swift; sourceTree = "<group>"; };
		FB56A8F0219BB87200B89696 /* Problem14.swift */ = {isa = PBXFileReference; lastKnownFileType = sourcecode.swift; path = Problem14.swift; sourceTree = "<group>"; };
		FB6FE92D219DA36C00B3A591 /* Problem15.swift */ = {isa = PBXFileReference; lastKnownFileType = sourcecode.swift; path = Problem15.swift; sourceTree = "<group>"; };
		FB6FE92F219E94F100B3A591 /* Problem16x.swift */ = {isa = PBXFileReference; lastKnownFileType = sourcecode.swift; path = Problem16x.swift; sourceTree = "<group>"; };
		FB6FE931219EAC2A00B3A591 /* Problem17.swift */ = {isa = PBXFileReference; lastKnownFileType = sourcecode.swift; path = Problem17.swift; sourceTree = "<group>"; };
		FB98496F21A045A900D517EC /* Problem21.swift */ = {isa = PBXFileReference; lastKnownFileType = sourcecode.swift; path = Problem21.swift; sourceTree = "<group>"; };
		FB98497121A1330700D517EC /* Problem22x.swift */ = {isa = PBXFileReference; lastKnownFileType = sourcecode.swift; path = Problem22x.swift; sourceTree = "<group>"; };
		FB98497321A13F7D00D517EC /* Problem27.swift */ = {isa = PBXFileReference; lastKnownFileType = sourcecode.swift; path = Problem27.swift; sourceTree = "<group>"; };
		FB98497521A2528E00D517EC /* Problem24.swift */ = {isa = PBXFileReference; lastKnownFileType = sourcecode.swift; path = Problem24.swift; sourceTree = "<group>"; };
		FB98497721A5170400D517EC /* Problem26.swift */ = {isa = PBXFileReference; lastKnownFileType = sourcecode.swift; path = Problem26.swift; sourceTree = "<group>"; };
		FB98497F21A6422200D517EC /* Problem25.swift */ = {isa = PBXFileReference; lastKnownFileType = sourcecode.swift; path = Problem25.swift; sourceTree = "<group>"; };
		FBAFE74521AA951000FD870C /* Problem28.swift */ = {isa = PBXFileReference; lastKnownFileType = sourcecode.swift; path = Problem28.swift; sourceTree = "<group>"; };
		FBAFE74721AA9A7300FD870C /* Problem29x.swift */ = {isa = PBXFileReference; lastKnownFileType = sourcecode.swift; path = Problem29x.swift; sourceTree = "<group>"; };
		FBAFE74921AAA0F200FD870C /* Problem35.swift */ = {isa = PBXFileReference; lastKnownFileType = sourcecode.swift; path = Problem35.swift; sourceTree = "<group>"; };
		FBAFE74B21AAA50900FD870C /* Problem34.swift */ = {isa = PBXFileReference; lastKnownFileType = sourcecode.swift; path = Problem34.swift; sourceTree = "<group>"; };
		FBAFE74D21ABC4C500FD870C /* Problem19.swift */ = {isa = PBXFileReference; lastKnownFileType = sourcecode.swift; path = Problem19.swift; sourceTree = "<group>"; };
/* End PBXFileReference section */

/* Begin PBXFrameworksBuildPhase section */
		FB56A8A8219A9E1E00B89696 /* Frameworks */ = {
			isa = PBXFrameworksBuildPhase;
			buildActionMask = 2147483647;
			files = (
			);
			runOnlyForDeploymentPostprocessing = 0;
		};
/* End PBXFrameworksBuildPhase section */

/* Begin PBXGroup section */
		FB56A8A2219A9E1E00B89696 = {
			isa = PBXGroup;
			children = (
				FB56A8AD219A9E1E00B89696 /* ZCPLeetCodeSwift */,
				FB56A8AC219A9E1E00B89696 /* Products */,
			);
			sourceTree = "<group>";
		};
		FB56A8AC219A9E1E00B89696 /* Products */ = {
			isa = PBXGroup;
			children = (
				FB56A8AB219A9E1E00B89696 /* ZCPLeetCodeSwift */,
			);
			name = Products;
			sourceTree = "<group>";
		};
		FB56A8AD219A9E1E00B89696 /* ZCPLeetCodeSwift */ = {
			isa = PBXGroup;
			children = (
				FB56A8AE219A9E1E00B89696 /* main.swift */,
				FB56A8B5219A9E5100B89696 /* Problem1.swift */,
				FB56A8B7219A9E5900B89696 /* Problem2.swift */,
				FB56A8B9219A9E6000B89696 /* Problem3.swift */,
				FB56A8BB219A9E6500B89696 /* Problem4.swift */,
				FB56A8BD219A9E6A00B89696 /* Problem5.swift */,
				FB56A8BF219A9E7000B89696 /* Problem6.swift */,
				FB56A8C1219A9E7500B89696 /* Problem7.swift */,
				FB56A8C3219A9E7A00B89696 /* Problem8.swift */,
				FB56A8C5219A9E8000B89696 /* Problem9.swift */,
				FB56A8C7219A9E8500B89696 /* Problem10x.swift */,
				FB56A8C9219A9E8900B89696 /* Problem11.swift */,
				FB56A8CB219A9E8E00B89696 /* Problem12.swift */,
				FB56A8CD219A9E9300B89696 /* Problem13.swift */,
				FB56A8F0219BB87200B89696 /* Problem14.swift */,
				FB6FE92D219DA36C00B3A591 /* Problem15.swift */,
				FB6FE92F219E94F100B3A591 /* Problem16x.swift */,
				FB6FE931219EAC2A00B3A591 /* Problem17.swift */,
				FBAFE74D21ABC4C500FD870C /* Problem19.swift */,
				FB98496F21A045A900D517EC /* Problem21.swift */,
				FB98497121A1330700D517EC /* Problem22x.swift */,
				FB98497521A2528E00D517EC /* Problem24.swift */,
				FB98497F21A6422200D517EC /* Problem25.swift */,
				FB98497721A5170400D517EC /* Problem26.swift */,
				FB98497321A13F7D00D517EC /* Problem27.swift */,
				FBAFE74521AA951000FD870C /* Problem28.swift */,
				FBAFE74721AA9A7300FD870C /* Problem29x.swift */,
				FBAFE74B21AAA50900FD870C /* Problem34.swift */,
				FBAFE74921AAA0F200FD870C /* Problem35.swift */,
			);
			path = ZCPLeetCodeSwift;
			sourceTree = "<group>";
		};
/* End PBXGroup section */

/* Begin PBXNativeTarget section */
		FB56A8AA219A9E1E00B89696 /* ZCPLeetCodeSwift */ = {
			isa = PBXNativeTarget;
			buildConfigurationList = FB56A8B2219A9E1E00B89696 /* Build configuration list for PBXNativeTarget "ZCPLeetCodeSwift" */;
			buildPhases = (
				FB56A8A7219A9E1E00B89696 /* Sources */,
				FB56A8A8219A9E1E00B89696 /* Frameworks */,
				FB56A8A9219A9E1E00B89696 /* CopyFiles */,
			);
			buildRules = (
			);
			dependencies = (
			);
			name = ZCPLeetCodeSwift;
			productName = ZCPLeetCodeSwift;
			productReference = FB56A8AB219A9E1E00B89696 /* ZCPLeetCodeSwift */;
			productType = "com.apple.product-type.tool";
		};
/* End PBXNativeTarget section */

/* Begin PBXProject section */
		FB56A8A3219A9E1E00B89696 /* Project object */ = {
			isa = PBXProject;
			attributes = {
				LastSwiftUpdateCheck = 1000;
				LastUpgradeCheck = 1000;
				ORGANIZATIONNAME = zcp;
				TargetAttributes = {
					FB56A8AA219A9E1E00B89696 = {
						CreatedOnToolsVersion = 10.0;
					};
				};
			};
			buildConfigurationList = FB56A8A6219A9E1E00B89696 /* Build configuration list for PBXProject "ZCPLeetCodeSwift" */;
			compatibilityVersion = "Xcode 9.3";
			developmentRegion = en;
			hasScannedForEncodings = 0;
			knownRegions = (
				en,
			);
			mainGroup = FB56A8A2219A9E1E00B89696;
			productRefGroup = FB56A8AC219A9E1E00B89696 /* Products */;
			projectDirPath = "";
			projectRoot = "";
			targets = (
				FB56A8AA219A9E1E00B89696 /* ZCPLeetCodeSwift */,
			);
		};
/* End PBXProject section */

/* Begin PBXSourcesBuildPhase section */
		FB56A8A7219A9E1E00B89696 /* Sources */ = {
			isa = PBXSourcesBuildPhase;
			buildActionMask = 2147483647;
			files = (
				FB98497021A045A900D517EC /* Problem21.swift in Sources */,
				FB6FE930219E94F100B3A591 /* Problem16x.swift in Sources */,
				FB56A8C4219A9E7A00B89696 /* Problem8.swift in Sources */,
				FB98497821A5170400D517EC /* Problem26.swift in Sources */,
				FBAFE74821AA9A7300FD870C /* Problem29x.swift in Sources */,
				FB6FE92E219DA36C00B3A591 /* Problem15.swift in Sources */,
				FBAFE74C21AAA50900FD870C /* Problem34.swift in Sources */,
				FB56A8CA219A9E8900B89696 /* Problem11.swift in Sources */,
				FB56A8C6219A9E8000B89696 /* Problem9.swift in Sources */,
				FB56A8B8219A9E5900B89696 /* Problem2.swift in Sources */,
				FB56A8C2219A9E7500B89696 /* Problem7.swift in Sources */,
				FB56A8BC219A9E6500B89696 /* Problem4.swift in Sources */,
				FB56A8C0219A9E7000B89696 /* Problem6.swift in Sources */,
				FB56A8BA219A9E6000B89696 /* Problem3.swift in Sources */,
				FB98497621A2528E00D517EC /* Problem24.swift in Sources */,
				FB98497221A1330700D517EC /* Problem22x.swift in Sources */,
				FB56A8BE219A9E6A00B89696 /* Problem5.swift in Sources */,
				FB56A8CC219A9E8E00B89696 /* Problem12.swift in Sources */,
				FB56A8AF219A9E1E00B89696 /* main.swift in Sources */,
				FB6FE932219EAC2A00B3A591 /* Problem17.swift in Sources */,
				FBAFE74E21ABC4C500FD870C /* Problem19.swift in Sources */,
				FB98498021A6422200D517EC /* Problem25.swift in Sources */,
				FBAFE74621AA951000FD870C /* Problem28.swift in Sources */,
				FBAFE74A21AAA0F200FD870C /* Problem35.swift in Sources */,
				FB56A8C8219A9E8500B89696 /* Problem10x.swift in Sources */,
				FB98497421A13F7D00D517EC /* Problem27.swift in Sources */,
				FB56A8B6219A9E5100B89696 /* Problem1.swift in Sources */,
				FB56A8CE219A9E9300B89696 /* Problem13.swift in Sources */,
				FB56A8F1219BB87200B89696 /* Problem14.swift in Sources */,
			);
			runOnlyForDeploymentPostprocessing = 0;
		};
/* End PBXSourcesBuildPhase section */

/* Begin XCBuildConfiguration section */
		FB56A8B0219A9E1E00B89696 /* Debug */ = {
			isa = XCBuildConfiguration;
			buildSettings = {
				ALWAYS_SEARCH_USER_PATHS = NO;
				CLANG_ANALYZER_NONNULL = YES;
				CLANG_ANALYZER_NUMBER_OBJECT_CONVERSION = YES_AGGRESSIVE;
				CLANG_CXX_LANGUAGE_STANDARD = "gnu++14";
				CLANG_CXX_LIBRARY = "libc++";
				CLANG_ENABLE_MODULES = YES;
				CLANG_ENABLE_OBJC_ARC = YES;
				CLANG_ENABLE_OBJC_WEAK = YES;
				CLANG_WARN_BLOCK_CAPTURE_AUTORELEASING = YES;
				CLANG_WARN_BOOL_CONVERSION = YES;
				CLANG_WARN_COMMA = YES;
				CLANG_WARN_CONSTANT_CONVERSION = YES;
				CLANG_WARN_DEPRECATED_OBJC_IMPLEMENTATIONS = YES;
				CLANG_WARN_DIRECT_OBJC_ISA_USAGE = YES_ERROR;
				CLANG_WARN_DOCUMENTATION_COMMENTS = YES;
				CLANG_WARN_EMPTY_BODY = YES;
				CLANG_WARN_ENUM_CONVERSION = YES;
				CLANG_WARN_INFINITE_RECURSION = YES;
				CLANG_WARN_INT_CONVERSION = YES;
				CLANG_WARN_NON_LITERAL_NULL_CONVERSION = YES;
				CLANG_WARN_OBJC_IMPLICIT_RETAIN_SELF = YES;
				CLANG_WARN_OBJC_LITERAL_CONVERSION = YES;
				CLANG_WARN_OBJC_ROOT_CLASS = YES_ERROR;
				CLANG_WARN_RANGE_LOOP_ANALYSIS = YES;
				CLANG_WARN_STRICT_PROTOTYPES = YES;
				CLANG_WARN_SUSPICIOUS_MOVE = YES;
				CLANG_WARN_UNGUARDED_AVAILABILITY = YES_AGGRESSIVE;
				CLANG_WARN_UNREACHABLE_CODE = YES;
				CLANG_WARN__DUPLICATE_METHOD_MATCH = YES;
				CODE_SIGN_IDENTITY = "Mac Developer";
				COPY_PHASE_STRIP = NO;
				DEBUG_INFORMATION_FORMAT = dwarf;
				ENABLE_STRICT_OBJC_MSGSEND = YES;
				ENABLE_TESTABILITY = YES;
				GCC_C_LANGUAGE_STANDARD = gnu11;
				GCC_DYNAMIC_NO_PIC = NO;
				GCC_NO_COMMON_BLOCKS = YES;
				GCC_OPTIMIZATION_LEVEL = 0;
				GCC_PREPROCESSOR_DEFINITIONS = (
					"DEBUG=1",
					"$(inherited)",
				);
				GCC_WARN_64_TO_32_BIT_CONVERSION = YES;
				GCC_WARN_ABOUT_RETURN_TYPE = YES_ERROR;
				GCC_WARN_UNDECLARED_SELECTOR = YES;
				GCC_WARN_UNINITIALIZED_AUTOS = YES_AGGRESSIVE;
				GCC_WARN_UNUSED_FUNCTION = YES;
				GCC_WARN_UNUSED_VARIABLE = YES;
				MACOSX_DEPLOYMENT_TARGET = 10.13;
				MTL_ENABLE_DEBUG_INFO = INCLUDE_SOURCE;
				MTL_FAST_MATH = YES;
				ONLY_ACTIVE_ARCH = YES;
				SDKROOT = macosx;
				SWIFT_ACTIVE_COMPILATION_CONDITIONS = DEBUG;
				SWIFT_OPTIMIZATION_LEVEL = "-Onone";
			};
			name = Debug;
		};
		FB56A8B1219A9E1E00B89696 /* Release */ = {
			isa = XCBuildConfiguration;
			buildSettings = {
				ALWAYS_SEARCH_USER_PATHS = NO;
				CLANG_ANALYZER_NONNULL = YES;
				CLANG_ANALYZER_NUMBER_OBJECT_CONVERSION = YES_AGGRESSIVE;
				CLANG_CXX_LANGUAGE_STANDARD = "gnu++14";
				CLANG_CXX_LIBRARY = "libc++";
				CLANG_ENABLE_MODULES = YES;
				CLANG_ENABLE_OBJC_ARC = YES;
				CLANG_ENABLE_OBJC_WEAK = YES;
				CLANG_WARN_BLOCK_CAPTURE_AUTORELEASING = YES;
				CLANG_WARN_BOOL_CONVERSION = YES;
				CLANG_WARN_COMMA = YES;
				CLANG_WARN_CONSTANT_CONVERSION = YES;
				CLANG_WARN_DEPRECATED_OBJC_IMPLEMENTATIONS = YES;
				CLANG_WARN_DIRECT_OBJC_ISA_USAGE = YES_ERROR;
				CLANG_WARN_DOCUMENTATION_COMMENTS = YES;
				CLANG_WARN_EMPTY_BODY = YES;
				CLANG_WARN_ENUM_CONVERSION = YES;
				CLANG_WARN_INFINITE_RECURSION = YES;
				CLANG_WARN_INT_CONVERSION = YES;
				CLANG_WARN_NON_LITERAL_NULL_CONVERSION = YES;
				CLANG_WARN_OBJC_IMPLICIT_RETAIN_SELF = YES;
				CLANG_WARN_OBJC_LITERAL_CONVERSION = YES;
				CLANG_WARN_OBJC_ROOT_CLASS = YES_ERROR;
				CLANG_WARN_RANGE_LOOP_ANALYSIS = YES;
				CLANG_WARN_STRICT_PROTOTYPES = YES;
				CLANG_WARN_SUSPICIOUS_MOVE = YES;
				CLANG_WARN_UNGUARDED_AVAILABILITY = YES_AGGRESSIVE;
				CLANG_WARN_UNREACHABLE_CODE = YES;
				CLANG_WARN__DUPLICATE_METHOD_MATCH = YES;
				CODE_SIGN_IDENTITY = "Mac Developer";
				COPY_PHASE_STRIP = NO;
				DEBUG_INFORMATION_FORMAT = "dwarf-with-dsym";
				ENABLE_NS_ASSERTIONS = NO;
				ENABLE_STRICT_OBJC_MSGSEND = YES;
				GCC_C_LANGUAGE_STANDARD = gnu11;
				GCC_NO_COMMON_BLOCKS = YES;
				GCC_WARN_64_TO_32_BIT_CONVERSION = YES;
				GCC_WARN_ABOUT_RETURN_TYPE = YES_ERROR;
				GCC_WARN_UNDECLARED_SELECTOR = YES;
				GCC_WARN_UNINITIALIZED_AUTOS = YES_AGGRESSIVE;
				GCC_WARN_UNUSED_FUNCTION = YES;
				GCC_WARN_UNUSED_VARIABLE = YES;
				MACOSX_DEPLOYMENT_TARGET = 10.13;
				MTL_ENABLE_DEBUG_INFO = NO;
				MTL_FAST_MATH = YES;
				SDKROOT = macosx;
				SWIFT_COMPILATION_MODE = wholemodule;
				SWIFT_OPTIMIZATION_LEVEL = "-O";
			};
			name = Release;
		};
		FB56A8B3219A9E1E00B89696 /* Debug */ = {
			isa = XCBuildConfiguration;
			buildSettings = {
				CODE_SIGN_STYLE = Automatic;
				DEVELOPMENT_TEAM = WG5B567WWS;
				PRODUCT_NAME = "$(TARGET_NAME)";
				SWIFT_VERSION = 4.2;
			};
			name = Debug;
		};
		FB56A8B4219A9E1E00B89696 /* Release */ = {
			isa = XCBuildConfiguration;
			buildSettings = {
				CODE_SIGN_STYLE = Automatic;
				DEVELOPMENT_TEAM = WG5B567WWS;
				PRODUCT_NAME = "$(TARGET_NAME)";
				SWIFT_VERSION = 4.2;
			};
			name = Release;
		};
/* End XCBuildConfiguration section */

/* Begin XCConfigurationList section */
		FB56A8A6219A9E1E00B89696 /* Build configuration list for PBXProject "ZCPLeetCodeSwift" */ = {
			isa = XCConfigurationList;
			buildConfigurations = (
				FB56A8B0219A9E1E00B89696 /* Debug */,
				FB56A8B1219A9E1E00B89696 /* Release */,
			);
			defaultConfigurationIsVisible = 0;
			defaultConfigurationName = Release;
		};
		FB56A8B2219A9E1E00B89696 /* Build configuration list for PBXNativeTarget "ZCPLeetCodeSwift" */ = {
			isa = XCConfigurationList;
			buildConfigurations = (
				FB56A8B3219A9E1E00B89696 /* Debug */,
				FB56A8B4219A9E1E00B89696 /* Release */,
			);
			defaultConfigurationIsVisible = 0;
			defaultConfigurationName = Release;
		};
/* End XCConfigurationList section */
	};
	rootObject = FB56A8A3219A9E1E00B89696 /* Project object */;
}
