// !$*UTF8*$!
{
	archiveVersion = 1;
	classes = {
	};
	objectVersion = 50;
	objects = {

/* Begin PBXBuildFile section */
		FB56A8AF219A9E1E00B89696 /* main.swift in Sources */ = {isa = PBXBuildFile; fileRef = FB56A8AE219A9E1E00B89696 /* main.swift */; };
		FBA1154C21AE766500A10F13 /* Problem36x.swift in Sources */ = {isa = PBXBuildFile; fileRef = FBA1154B21AE766500A10F13 /* Problem36x.swift */; };
		FBA1154F21AE866C00A10F13 /* main40_49.swift in Sources */ = {isa = PBXBuildFile; fileRef = FBA1154E21AE866C00A10F13 /* main40_49.swift */; };
		FBA1155121AE867400A10F13 /* Problem41.swift in Sources */ = {isa = PBXBuildFile; fileRef = FBA1155021AE867400A10F13 /* Problem41.swift */; };
		FBA1155321AE8C2400A10F13 /* Problem42.swift in Sources */ = {isa = PBXBuildFile; fileRef = FBA1155221AE8C2400A10F13 /* Problem42.swift */; };
		FBAFE7CB21AD261800FD870C /* Problem34.swift in Sources */ = {isa = PBXBuildFile; fileRef = FBAFE7AF21AD261800FD870C /* Problem34.swift */; };
		FBAFE7CC21AD261800FD870C /* Problem35.swift in Sources */ = {isa = PBXBuildFile; fileRef = FBAFE7B021AD261800FD870C /* Problem35.swift */; };
		FBAFE7D721AD262600FD870C /* Problem7.swift in Sources */ = {isa = PBXBuildFile; fileRef = FBAFE7CD21AD262600FD870C /* Problem7.swift */; };
		FBAFE7D821AD262600FD870C /* Problem2.swift in Sources */ = {isa = PBXBuildFile; fileRef = FBAFE7CE21AD262600FD870C /* Problem2.swift */; };
		FBAFE7D921AD262600FD870C /* Problem8.swift in Sources */ = {isa = PBXBuildFile; fileRef = FBAFE7CF21AD262600FD870C /* Problem8.swift */; };
		FBAFE7DA21AD262600FD870C /* Problem9.swift in Sources */ = {isa = PBXBuildFile; fileRef = FBAFE7D021AD262600FD870C /* Problem9.swift */; };
		FBAFE7DB21AD262600FD870C /* Problem1.swift in Sources */ = {isa = PBXBuildFile; fileRef = FBAFE7D121AD262600FD870C /* Problem1.swift */; };
		FBAFE7DC21AD262600FD870C /* Problem3.swift in Sources */ = {isa = PBXBuildFile; fileRef = FBAFE7D221AD262600FD870C /* Problem3.swift */; };
		FBAFE7DD21AD262600FD870C /* Problem5.swift in Sources */ = {isa = PBXBuildFile; fileRef = FBAFE7D321AD262600FD870C /* Problem5.swift */; };
		FBAFE7DE21AD262600FD870C /* Problem10x.swift in Sources */ = {isa = PBXBuildFile; fileRef = FBAFE7D421AD262600FD870C /* Problem10x.swift */; };
		FBAFE7DF21AD262600FD870C /* Problem6.swift in Sources */ = {isa = PBXBuildFile; fileRef = FBAFE7D521AD262600FD870C /* Problem6.swift */; };
		FBAFE7E021AD262600FD870C /* Problem4.swift in Sources */ = {isa = PBXBuildFile; fileRef = FBAFE7D621AD262600FD870C /* Problem4.swift */; };
		FBAFE7E221AD263700FD870C /* main1_9.swift in Sources */ = {isa = PBXBuildFile; fileRef = FBAFE7E121AD263700FD870C /* main1_9.swift */; };
		FBAFE7E521AD266700FD870C /* ListNode.swift in Sources */ = {isa = PBXBuildFile; fileRef = FBAFE7E421AD266700FD870C /* ListNode.swift */; };
		FBAFE7EE21AD26D700FD870C /* Problem13.swift in Sources */ = {isa = PBXBuildFile; fileRef = FBAFE7E621AD26D600FD870C /* Problem13.swift */; };
		FBAFE7EF21AD26D700FD870C /* Problem19.swift in Sources */ = {isa = PBXBuildFile; fileRef = FBAFE7E721AD26D600FD870C /* Problem19.swift */; };
		FBAFE7F021AD26D700FD870C /* Problem11.swift in Sources */ = {isa = PBXBuildFile; fileRef = FBAFE7E821AD26D700FD870C /* Problem11.swift */; };
		FBAFE7F121AD26D700FD870C /* Problem14.swift in Sources */ = {isa = PBXBuildFile; fileRef = FBAFE7E921AD26D700FD870C /* Problem14.swift */; };
		FBAFE7F221AD26D700FD870C /* Problem12.swift in Sources */ = {isa = PBXBuildFile; fileRef = FBAFE7EA21AD26D700FD870C /* Problem12.swift */; };
		FBAFE7F321AD26D700FD870C /* Problem17.swift in Sources */ = {isa = PBXBuildFile; fileRef = FBAFE7EB21AD26D700FD870C /* Problem17.swift */; };
		FBAFE7F421AD26D700FD870C /* Problem16x.swift in Sources */ = {isa = PBXBuildFile; fileRef = FBAFE7EC21AD26D700FD870C /* Problem16x.swift */; };
		FBAFE7F521AD26D700FD870C /* Problem15.swift in Sources */ = {isa = PBXBuildFile; fileRef = FBAFE7ED21AD26D700FD870C /* Problem15.swift */; };
		FBAFE7F721AD26DE00FD870C /* main10_19.swift in Sources */ = {isa = PBXBuildFile; fileRef = FBAFE7F621AD26DE00FD870C /* main10_19.swift */; };
		FBAFE80021AD272A00FD870C /* Problem22x.swift in Sources */ = {isa = PBXBuildFile; fileRef = FBAFE7F821AD272900FD870C /* Problem22x.swift */; };
		FBAFE80121AD272A00FD870C /* Problem25.swift in Sources */ = {isa = PBXBuildFile; fileRef = FBAFE7F921AD272A00FD870C /* Problem25.swift */; };
		FBAFE80221AD272A00FD870C /* Problem27.swift in Sources */ = {isa = PBXBuildFile; fileRef = FBAFE7FA21AD272A00FD870C /* Problem27.swift */; };
		FBAFE80321AD272A00FD870C /* Problem24.swift in Sources */ = {isa = PBXBuildFile; fileRef = FBAFE7FB21AD272A00FD870C /* Problem24.swift */; };
		FBAFE80421AD272A00FD870C /* Problem28.swift in Sources */ = {isa = PBXBuildFile; fileRef = FBAFE7FC21AD272A00FD870C /* Problem28.swift */; };
		FBAFE80521AD272A00FD870C /* Problem29x.swift in Sources */ = {isa = PBXBuildFile; fileRef = FBAFE7FD21AD272A00FD870C /* Problem29x.swift */; };
		FBAFE80621AD272A00FD870C /* Problem21.swift in Sources */ = {isa = PBXBuildFile; fileRef = FBAFE7FE21AD272A00FD870C /* Problem21.swift */; };
		FBAFE80721AD272A00FD870C /* Problem26.swift in Sources */ = {isa = PBXBuildFile; fileRef = FBAFE7FF21AD272A00FD870C /* Problem26.swift */; };
		FBAFE80921AD273400FD870C /* main20_29.swift in Sources */ = {isa = PBXBuildFile; fileRef = FBAFE80821AD273400FD870C /* main20_29.swift */; };
		FBAFE80B21AD275400FD870C /* main30_39.swift in Sources */ = {isa = PBXBuildFile; fileRef = FBAFE80A21AD275400FD870C /* main30_39.swift */; };
		FBAFE80D21AD27A200FD870C /* Problem31.swift in Sources */ = {isa = PBXBuildFile; fileRef = FBAFE80C21AD27A200FD870C /* Problem31.swift */; };
/* End PBXBuildFile section */

/* Begin PBXCopyFilesBuildPhase section */
		FB56A8A9219A9E1E00B89696 /* CopyFiles */ = {
			isa = PBXCopyFilesBuildPhase;
			buildActionMask = 2147483647;
			dstPath = /usr/share/man/man1/;
			dstSubfolderSpec = 0;
			files = (
			);
			runOnlyForDeploymentPostprocessing = 1;
		};
/* End PBXCopyFilesBuildPhase section */

/* Begin PBXFileReference section */
		FB56A8AB219A9E1E00B89696 /* ZCPLeetCodeSwift */ = {isa = PBXFileReference; explicitFileType = "compiled.mach-o.executable"; includeInIndex = 0; path = ZCPLeetCodeSwift; sourceTree = BUILT_PRODUCTS_DIR; };
		FB56A8AE219A9E1E00B89696 /* main.swift */ = {isa = PBXFileReference; lastKnownFileType = sourcecode.swift; path = main.swift; sourceTree = "<group>"; };
		FBA1154B21AE766500A10F13 /* Problem36x.swift */ = {isa = PBXFileReference; lastKnownFileType = sourcecode.swift; path = Problem36x.swift; sourceTree = "<group>"; };
		FBA1154E21AE866C00A10F13 /* main40_49.swift */ = {isa = PBXFileReference; lastKnownFileType = sourcecode.swift; path = main40_49.swift; sourceTree = "<group>"; };
		FBA1155021AE867400A10F13 /* Problem41.swift */ = {isa = PBXFileReference; lastKnownFileType = sourcecode.swift; path = Problem41.swift; sourceTree = "<group>"; };
		FBA1155221AE8C2400A10F13 /* Problem42.swift */ = {isa = PBXFileReference; lastKnownFileType = sourcecode.swift; path = Problem42.swift; sourceTree = "<group>"; };
		FBAFE7AF21AD261800FD870C /* Problem34.swift */ = {isa = PBXFileReference; fileEncoding = 4; lastKnownFileType = sourcecode.swift; path = Problem34.swift; sourceTree = "<group>"; };
		FBAFE7B021AD261800FD870C /* Problem35.swift */ = {isa = PBXFileReference; fileEncoding = 4; lastKnownFileType = sourcecode.swift; path = Problem35.swift; sourceTree = "<group>"; };
		FBAFE7CD21AD262600FD870C /* Problem7.swift */ = {isa = PBXFileReference; fileEncoding = 4; lastKnownFileType = sourcecode.swift; path = Problem7.swift; sourceTree = "<group>"; };
		FBAFE7CE21AD262600FD870C /* Problem2.swift */ = {isa = PBXFileReference; fileEncoding = 4; lastKnownFileType = sourcecode.swift; path = Problem2.swift; sourceTree = "<group>"; };
		FBAFE7CF21AD262600FD870C /* Problem8.swift */ = {isa = PBXFileReference; fileEncoding = 4; lastKnownFileType = sourcecode.swift; path = Problem8.swift; sourceTree = "<group>"; };
		FBAFE7D021AD262600FD870C /* Problem9.swift */ = {isa = PBXFileReference; fileEncoding = 4; lastKnownFileType = sourcecode.swift; path = Problem9.swift; sourceTree = "<group>"; };
		FBAFE7D121AD262600FD870C /* Problem1.swift */ = {isa = PBXFileReference; fileEncoding = 4; lastKnownFileType = sourcecode.swift; path = Problem1.swift; sourceTree = "<group>"; };
		FBAFE7D221AD262600FD870C /* Problem3.swift */ = {isa = PBXFileReference; fileEncoding = 4; lastKnownFileType = sourcecode.swift; path = Problem3.swift; sourceTree = "<group>"; };
		FBAFE7D321AD262600FD870C /* Problem5.swift */ = {isa = PBXFileReference; fileEncoding = 4; lastKnownFileType = sourcecode.swift; path = Problem5.swift; sourceTree = "<group>"; };
		FBAFE7D421AD262600FD870C /* Problem10x.swift */ = {isa = PBXFileReference; fileEncoding = 4; lastKnownFileType = sourcecode.swift; path = Problem10x.swift; sourceTree = "<group>"; };
		FBAFE7D521AD262600FD870C /* Problem6.swift */ = {isa = PBXFileReference; fileEncoding = 4; lastKnownFileType = sourcecode.swift; path = Problem6.swift; sourceTree = "<group>"; };
		FBAFE7D621AD262600FD870C /* Problem4.swift */ = {isa = PBXFileReference; fileEncoding = 4; lastKnownFileType = sourcecode.swift; path = Problem4.swift; sourceTree = "<group>"; };
		FBAFE7E121AD263700FD870C /* main1_9.swift */ = {isa = PBXFileReference; lastKnownFileType = sourcecode.swift; path = main1_9.swift; sourceTree = "<group>"; };
		FBAFE7E421AD266700FD870C /* ListNode.swift */ = {isa = PBXFileReference; lastKnownFileType = sourcecode.swift; path = ListNode.swift; sourceTree = "<group>"; };
		FBAFE7E621AD26D600FD870C /* Problem13.swift */ = {isa = PBXFileReference; fileEncoding = 4; lastKnownFileType = sourcecode.swift; path = Problem13.swift; sourceTree = "<group>"; };
		FBAFE7E721AD26D600FD870C /* Problem19.swift */ = {isa = PBXFileReference; fileEncoding = 4; lastKnownFileType = sourcecode.swift; path = Problem19.swift; sourceTree = "<group>"; };
		FBAFE7E821AD26D700FD870C /* Problem11.swift */ = {isa = PBXFileReference; fileEncoding = 4; lastKnownFileType = sourcecode.swift; path = Problem11.swift; sourceTree = "<group>"; };
		FBAFE7E921AD26D700FD870C /* Problem14.swift */ = {isa = PBXFileReference; fileEncoding = 4; lastKnownFileType = sourcecode.swift; path = Problem14.swift; sourceTree = "<group>"; };
		FBAFE7EA21AD26D700FD870C /* Problem12.swift */ = {isa = PBXFileReference; fileEncoding = 4; lastKnownFileType = sourcecode.swift; path = Problem12.swift; sourceTree = "<group>"; };
		FBAFE7EB21AD26D700FD870C /* Problem17.swift */ = {isa = PBXFileReference; fileEncoding = 4; lastKnownFileType = sourcecode.swift; path = Problem17.swift; sourceTree = "<group>"; };
		FBAFE7EC21AD26D700FD870C /* Problem16x.swift */ = {isa = PBXFileReference; fileEncoding = 4; lastKnownFileType = sourcecode.swift; path = Problem16x.swift; sourceTree = "<group>"; };
		FBAFE7ED21AD26D700FD870C /* Problem15.swift */ = {isa = PBXFileReference; fileEncoding = 4; lastKnownFileType = sourcecode.swift; path = Problem15.swift; sourceTree = "<group>"; };
		FBAFE7F621AD26DE00FD870C /* main10_19.swift */ = {isa = PBXFileReference; lastKnownFileType = sourcecode.swift; path = main10_19.swift; sourceTree = "<group>"; };
		FBAFE7F821AD272900FD870C /* Problem22x.swift */ = {isa = PBXFileReference; fileEncoding = 4; lastKnownFileType = sourcecode.swift; path = Problem22x.swift; sourceTree = "<group>"; };
		FBAFE7F921AD272A00FD870C /* Problem25.swift */ = {isa = PBXFileReference; fileEncoding = 4; lastKnownFileType = sourcecode.swift; path = Problem25.swift; sourceTree = "<group>"; };
		FBAFE7FA21AD272A00FD870C /* Problem27.swift */ = {isa = PBXFileReference; fileEncoding = 4; lastKnownFileType = sourcecode.swift; path = Problem27.swift; sourceTree = "<group>"; };
		FBAFE7FB21AD272A00FD870C /* Problem24.swift */ = {isa = PBXFileReference; fileEncoding = 4; lastKnownFileType = sourcecode.swift; path = Problem24.swift; sourceTree = "<group>"; };
		FBAFE7FC21AD272A00FD870C /* Problem28.swift */ = {isa = PBXFileReference; fileEncoding = 4; lastKnownFileType = sourcecode.swift; path = Problem28.swift; sourceTree = "<group>"; };
		FBAFE7FD21AD272A00FD870C /* Problem29x.swift */ = {isa = PBXFileReference; fileEncoding = 4; lastKnownFileType = sourcecode.swift; path = Problem29x.swift; sourceTree = "<group>"; };
		FBAFE7FE21AD272A00FD870C /* Problem21.swift */ = {isa = PBXFileReference; fileEncoding = 4; lastKnownFileType = sourcecode.swift; path = Problem21.swift; sourceTree = "<group>"; };
		FBAFE7FF21AD272A00FD870C /* Problem26.swift */ = {isa = PBXFileReference; fileEncoding = 4; lastKnownFileType = sourcecode.swift; path = Problem26.swift; sourceTree = "<group>"; };
		FBAFE80821AD273400FD870C /* main20_29.swift */ = {isa = PBXFileReference; lastKnownFileType = sourcecode.swift; path = main20_29.swift; sourceTree = "<group>"; };
		FBAFE80A21AD275400FD870C /* main30_39.swift */ = {isa = PBXFileReference; lastKnownFileType = sourcecode.swift; path = main30_39.swift; sourceTree = "<group>"; };
		FBAFE80C21AD27A200FD870C /* Problem31.swift */ = {isa = PBXFileReference; lastKnownFileType = sourcecode.swift; path = Problem31.swift; sourceTree = "<group>"; };
/* End PBXFileReference section */

/* Begin PBXFrameworksBuildPhase section */
		FB56A8A8219A9E1E00B89696 /* Frameworks */ = {
			isa = PBXFrameworksBuildPhase;
			buildActionMask = 2147483647;
			files = (
			);
			runOnlyForDeploymentPostprocessing = 0;
		};
/* End PBXFrameworksBuildPhase section */

/* Begin PBXGroup section */
		FB56A8A2219A9E1E00B89696 = {
			isa = PBXGroup;
			children = (
				FB56A8AD219A9E1E00B89696 /* ZCPLeetCodeSwift */,
				FB56A8AC219A9E1E00B89696 /* Products */,
			);
			sourceTree = "<group>";
		};
		FB56A8AC219A9E1E00B89696 /* Products */ = {
			isa = PBXGroup;
			children = (
				FB56A8AB219A9E1E00B89696 /* ZCPLeetCodeSwift */,
			);
			name = Products;
			sourceTree = "<group>";
		};
		FB56A8AD219A9E1E00B89696 /* ZCPLeetCodeSwift */ = {
			isa = PBXGroup;
			children = (
				FB56A8AE219A9E1E00B89696 /* main.swift */,
				FBAFE7E321AD265B00FD870C /* common */,
				FBAFE79A21AD261800FD870C /* 1-9 */,
				FBAFE7A521AD261800FD870C /* 10-19 */,
				FBAFE79121AD261800FD870C /* 20-29 */,
				FBAFE7AE21AD261800FD870C /* 30-39 */,
				FBA1154D21AE865000A10F13 /* 40~49 */,
			);
			path = ZCPLeetCodeSwift;
			sourceTree = "<group>";
		};
		FBA1154D21AE865000A10F13 /* 40~49 */ = {
			isa = PBXGroup;
			children = (
				FBA1154E21AE866C00A10F13 /* main40_49.swift */,
				FBA1155021AE867400A10F13 /* Problem41.swift */,
				FBA1155221AE8C2400A10F13 /* Problem42.swift */,
			);
			path = "40~49";
			sourceTree = "<group>";
		};
		FBAFE79121AD261800FD870C /* 20-29 */ = {
			isa = PBXGroup;
			children = (
				FBAFE80821AD273400FD870C /* main20_29.swift */,
				FBAFE7FE21AD272A00FD870C /* Problem21.swift */,
				FBAFE7F821AD272900FD870C /* Problem22x.swift */,
				FBAFE7FB21AD272A00FD870C /* Problem24.swift */,
				FBAFE7F921AD272A00FD870C /* Problem25.swift */,
				FBAFE7FF21AD272A00FD870C /* Problem26.swift */,
				FBAFE7FA21AD272A00FD870C /* Problem27.swift */,
				FBAFE7FC21AD272A00FD870C /* Problem28.swift */,
				FBAFE7FD21AD272A00FD870C /* Problem29x.swift */,
			);
			path = "20-29";
			sourceTree = "<group>";
		};
		FBAFE79A21AD261800FD870C /* 1-9 */ = {
			isa = PBXGroup;
			children = (
				FBAFE7E121AD263700FD870C /* main1_9.swift */,
				FBAFE7D121AD262600FD870C /* Problem1.swift */,
				FBAFE7CE21AD262600FD870C /* Problem2.swift */,
				FBAFE7D221AD262600FD870C /* Problem3.swift */,
				FBAFE7D621AD262600FD870C /* Problem4.swift */,
				FBAFE7D321AD262600FD870C /* Problem5.swift */,
				FBAFE7D521AD262600FD870C /* Problem6.swift */,
				FBAFE7CD21AD262600FD870C /* Problem7.swift */,
				FBAFE7CF21AD262600FD870C /* Problem8.swift */,
				FBAFE7D021AD262600FD870C /* Problem9.swift */,
				FBAFE7D421AD262600FD870C /* Problem10x.swift */,
			);
			path = "1-9";
			sourceTree = "<group>";
		};
		FBAFE7A521AD261800FD870C /* 10-19 */ = {
			isa = PBXGroup;
			children = (
				FBAFE7F621AD26DE00FD870C /* main10_19.swift */,
				FBAFE7E821AD26D700FD870C /* Problem11.swift */,
				FBAFE7EA21AD26D700FD870C /* Problem12.swift */,
				FBAFE7E621AD26D600FD870C /* Problem13.swift */,
				FBAFE7E921AD26D700FD870C /* Problem14.swift */,
				FBAFE7ED21AD26D700FD870C /* Problem15.swift */,
				FBAFE7EC21AD26D700FD870C /* Problem16x.swift */,
				FBAFE7EB21AD26D700FD870C /* Problem17.swift */,
				FBAFE7E721AD26D600FD870C /* Problem19.swift */,
			);
			path = "10-19";
			sourceTree = "<group>";
		};
		FBAFE7AE21AD261800FD870C /* 30-39 */ = {
			isa = PBXGroup;
			children = (
				FBAFE80A21AD275400FD870C /* main30_39.swift */,
				FBAFE80C21AD27A200FD870C /* Problem31.swift */,
				FBAFE7AF21AD261800FD870C /* Problem34.swift */,
				FBAFE7B021AD261800FD870C /* Problem35.swift */,
				FBA1154B21AE766500A10F13 /* Problem36x.swift */,
			);
			path = "30-39";
			sourceTree = "<group>";
		};
		FBAFE7E321AD265B00FD870C /* common */ = {
			isa = PBXGroup;
			children = (
				FBAFE7E421AD266700FD870C /* ListNode.swift */,
			);
			path = common;
			sourceTree = "<group>";
		};
/* End PBXGroup section */

/* Begin PBXNativeTarget section */
		FB56A8AA219A9E1E00B89696 /* ZCPLeetCodeSwift */ = {
			isa = PBXNativeTarget;
			buildConfigurationList = FB56A8B2219A9E1E00B89696 /* Build configuration list for PBXNativeTarget "ZCPLeetCodeSwift" */;
			buildPhases = (
				FB56A8A7219A9E1E00B89696 /* Sources */,
				FB56A8A8219A9E1E00B89696 /* Frameworks */,
				FB56A8A9219A9E1E00B89696 /* CopyFiles */,
			);
			buildRules = (
			);
			dependencies = (
			);
			name = ZCPLeetCodeSwift;
			productName = ZCPLeetCodeSwift;
			productReference = FB56A8AB219A9E1E00B89696 /* ZCPLeetCodeSwift */;
			productType = "com.apple.product-type.tool";
		};
/* End PBXNativeTarget section */

/* Begin PBXProject section */
		FB56A8A3219A9E1E00B89696 /* Project object */ = {
			isa = PBXProject;
			attributes = {
				LastSwiftUpdateCheck = 1000;
				LastUpgradeCheck = 1000;
				ORGANIZATIONNAME = zcp;
				TargetAttributes = {
					FB56A8AA219A9E1E00B89696 = {
						CreatedOnToolsVersion = 10.0;
					};
				};
			};
			buildConfigurationList = FB56A8A6219A9E1E00B89696 /* Build configuration list for PBXProject "ZCPLeetCodeSwift" */;
			compatibilityVersion = "Xcode 9.3";
			developmentRegion = en;
			hasScannedForEncodings = 0;
			knownRegions = (
				en,
			);
			mainGroup = FB56A8A2219A9E1E00B89696;
			productRefGroup = FB56A8AC219A9E1E00B89696 /* Products */;
			projectDirPath = "";
			projectRoot = "";
			targets = (
				FB56A8AA219A9E1E00B89696 /* ZCPLeetCodeSwift */,
			);
		};
/* End PBXProject section */

/* Begin PBXSourcesBuildPhase section */
		FB56A8A7219A9E1E00B89696 /* Sources */ = {
			isa = PBXSourcesBuildPhase;
			buildActionMask = 2147483647;
			files = (
				FBAFE7F521AD26D700FD870C /* Problem15.swift in Sources */,
				FBAFE7D921AD262600FD870C /* Problem8.swift in Sources */,
				FBAFE7DC21AD262600FD870C /* Problem3.swift in Sources */,
				FBAFE80721AD272A00FD870C /* Problem26.swift in Sources */,
				FBAFE80D21AD27A200FD870C /* Problem31.swift in Sources */,
				FBAFE7E521AD266700FD870C /* ListNode.swift in Sources */,
				FBAFE7F021AD26D700FD870C /* Problem11.swift in Sources */,
				FBAFE7DA21AD262600FD870C /* Problem9.swift in Sources */,
				FBAFE7DB21AD262600FD870C /* Problem1.swift in Sources */,
				FBAFE7D721AD262600FD870C /* Problem7.swift in Sources */,
				FBAFE80021AD272A00FD870C /* Problem22x.swift in Sources */,
				FBAFE7CB21AD261800FD870C /* Problem34.swift in Sources */,
				FBA1154C21AE766500A10F13 /* Problem36x.swift in Sources */,
				FB56A8AF219A9E1E00B89696 /* main.swift in Sources */,
				FBAFE7E221AD263700FD870C /* main1_9.swift in Sources */,
				FBAFE80B21AD275400FD870C /* main30_39.swift in Sources */,
				FBAFE7CC21AD261800FD870C /* Problem35.swift in Sources */,
				FBA1154F21AE866C00A10F13 /* main40_49.swift in Sources */,
				FBAFE80321AD272A00FD870C /* Problem24.swift in Sources */,
				FBAFE80621AD272A00FD870C /* Problem21.swift in Sources */,
				FBAFE7E021AD262600FD870C /* Problem4.swift in Sources */,
				FBAFE80921AD273400FD870C /* main20_29.swift in Sources */,
				FBAFE7DF21AD262600FD870C /* Problem6.swift in Sources */,
				FBAFE7EE21AD26D700FD870C /* Problem13.swift in Sources */,
				FBAFE80121AD272A00FD870C /* Problem25.swift in Sources */,
				FBAFE7DD21AD262600FD870C /* Problem5.swift in Sources */,
				FBAFE7F221AD26D700FD870C /* Problem12.swift in Sources */,
				FBAFE7DE21AD262600FD870C /* Problem10x.swift in Sources */,
				FBAFE7F121AD26D700FD870C /* Problem14.swift in Sources */,
				FBAFE80421AD272A00FD870C /* Problem28.swift in Sources */,
				FBAFE7F421AD26D700FD870C /* Problem16x.swift in Sources */,
				FBAFE7F721AD26DE00FD870C /* main10_19.swift in Sources */,
				FBAFE80521AD272A00FD870C /* Problem29x.swift in Sources */,
				FBA1155121AE867400A10F13 /* Problem41.swift in Sources */,
				FBAFE7D821AD262600FD870C /* Problem2.swift in Sources */,
				FBAFE7F321AD26D700FD870C /* Problem17.swift in Sources */,
				FBA1155321AE8C2400A10F13 /* Problem42.swift in Sources */,
				FBAFE7EF21AD26D700FD870C /* Problem19.swift in Sources */,
				FBAFE80221AD272A00FD870C /* Problem27.swift in Sources */,
			);
			runOnlyForDeploymentPostprocessing = 0;
		};
/* End PBXSourcesBuildPhase section */

/* Begin XCBuildConfiguration section */
		FB56A8B0219A9E1E00B89696 /* Debug */ = {
			isa = XCBuildConfiguration;
			buildSettings = {
				ALWAYS_SEARCH_USER_PATHS = NO;
				CLANG_ANALYZER_NONNULL = YES;
				CLANG_ANALYZER_NUMBER_OBJECT_CONVERSION = YES_AGGRESSIVE;
				CLANG_CXX_LANGUAGE_STANDARD = "gnu++14";
				CLANG_CXX_LIBRARY = "libc++";
				CLANG_ENABLE_MODULES = YES;
				CLANG_ENABLE_OBJC_ARC = YES;
				CLANG_ENABLE_OBJC_WEAK = YES;
				CLANG_WARN_BLOCK_CAPTURE_AUTORELEASING = YES;
				CLANG_WARN_BOOL_CONVERSION = YES;
				CLANG_WARN_COMMA = YES;
				CLANG_WARN_CONSTANT_CONVERSION = YES;
				CLANG_WARN_DEPRECATED_OBJC_IMPLEMENTATIONS = YES;
				CLANG_WARN_DIRECT_OBJC_ISA_USAGE = YES_ERROR;
				CLANG_WARN_DOCUMENTATION_COMMENTS = YES;
				CLANG_WARN_EMPTY_BODY = YES;
				CLANG_WARN_ENUM_CONVERSION = YES;
				CLANG_WARN_INFINITE_RECURSION = YES;
				CLANG_WARN_INT_CONVERSION = YES;
				CLANG_WARN_NON_LITERAL_NULL_CONVERSION = YES;
				CLANG_WARN_OBJC_IMPLICIT_RETAIN_SELF = YES;
				CLANG_WARN_OBJC_LITERAL_CONVERSION = YES;
				CLANG_WARN_OBJC_ROOT_CLASS = YES_ERROR;
				CLANG_WARN_RANGE_LOOP_ANALYSIS = YES;
				CLANG_WARN_STRICT_PROTOTYPES = YES;
				CLANG_WARN_SUSPICIOUS_MOVE = YES;
				CLANG_WARN_UNGUARDED_AVAILABILITY = YES_AGGRESSIVE;
				CLANG_WARN_UNREACHABLE_CODE = YES;
				CLANG_WARN__DUPLICATE_METHOD_MATCH = YES;
				CODE_SIGN_IDENTITY = "Mac Developer";
				COPY_PHASE_STRIP = NO;
				DEBUG_INFORMATION_FORMAT = dwarf;
				ENABLE_STRICT_OBJC_MSGSEND = YES;
				ENABLE_TESTABILITY = YES;
				GCC_C_LANGUAGE_STANDARD = gnu11;
				GCC_DYNAMIC_NO_PIC = NO;
				GCC_NO_COMMON_BLOCKS = YES;
				GCC_OPTIMIZATION_LEVEL = 0;
				GCC_PREPROCESSOR_DEFINITIONS = (
					"DEBUG=1",
					"$(inherited)",
				);
				GCC_WARN_64_TO_32_BIT_CONVERSION = YES;
				GCC_WARN_ABOUT_RETURN_TYPE = YES_ERROR;
				GCC_WARN_UNDECLARED_SELECTOR = YES;
				GCC_WARN_UNINITIALIZED_AUTOS = YES_AGGRESSIVE;
				GCC_WARN_UNUSED_FUNCTION = YES;
				GCC_WARN_UNUSED_VARIABLE = YES;
				MACOSX_DEPLOYMENT_TARGET = 10.13;
				MTL_ENABLE_DEBUG_INFO = INCLUDE_SOURCE;
				MTL_FAST_MATH = YES;
				ONLY_ACTIVE_ARCH = YES;
				SDKROOT = macosx;
				SWIFT_ACTIVE_COMPILATION_CONDITIONS = DEBUG;
				SWIFT_OPTIMIZATION_LEVEL = "-Onone";
			};
			name = Debug;
		};
		FB56A8B1219A9E1E00B89696 /* Release */ = {
			isa = XCBuildConfiguration;
			buildSettings = {
				ALWAYS_SEARCH_USER_PATHS = NO;
				CLANG_ANALYZER_NONNULL = YES;
				CLANG_ANALYZER_NUMBER_OBJECT_CONVERSION = YES_AGGRESSIVE;
				CLANG_CXX_LANGUAGE_STANDARD = "gnu++14";
				CLANG_CXX_LIBRARY = "libc++";
				CLANG_ENABLE_MODULES = YES;
				CLANG_ENABLE_OBJC_ARC = YES;
				CLANG_ENABLE_OBJC_WEAK = YES;
				CLANG_WARN_BLOCK_CAPTURE_AUTORELEASING = YES;
				CLANG_WARN_BOOL_CONVERSION = YES;
				CLANG_WARN_COMMA = YES;
				CLANG_WARN_CONSTANT_CONVERSION = YES;
				CLANG_WARN_DEPRECATED_OBJC_IMPLEMENTATIONS = YES;
				CLANG_WARN_DIRECT_OBJC_ISA_USAGE = YES_ERROR;
				CLANG_WARN_DOCUMENTATION_COMMENTS = YES;
				CLANG_WARN_EMPTY_BODY = YES;
				CLANG_WARN_ENUM_CONVERSION = YES;
				CLANG_WARN_INFINITE_RECURSION = YES;
				CLANG_WARN_INT_CONVERSION = YES;
				CLANG_WARN_NON_LITERAL_NULL_CONVERSION = YES;
				CLANG_WARN_OBJC_IMPLICIT_RETAIN_SELF = YES;
				CLANG_WARN_OBJC_LITERAL_CONVERSION = YES;
				CLANG_WARN_OBJC_ROOT_CLASS = YES_ERROR;
				CLANG_WARN_RANGE_LOOP_ANALYSIS = YES;
				CLANG_WARN_STRICT_PROTOTYPES = YES;
				CLANG_WARN_SUSPICIOUS_MOVE = YES;
				CLANG_WARN_UNGUARDED_AVAILABILITY = YES_AGGRESSIVE;
				CLANG_WARN_UNREACHABLE_CODE = YES;
				CLANG_WARN__DUPLICATE_METHOD_MATCH = YES;
				CODE_SIGN_IDENTITY = "Mac Developer";
				COPY_PHASE_STRIP = NO;
				DEBUG_INFORMATION_FORMAT = "dwarf-with-dsym";
				ENABLE_NS_ASSERTIONS = NO;
				ENABLE_STRICT_OBJC_MSGSEND = YES;
				GCC_C_LANGUAGE_STANDARD = gnu11;
				GCC_NO_COMMON_BLOCKS = YES;
				GCC_WARN_64_TO_32_BIT_CONVERSION = YES;
				GCC_WARN_ABOUT_RETURN_TYPE = YES_ERROR;
				GCC_WARN_UNDECLARED_SELECTOR = YES;
				GCC_WARN_UNINITIALIZED_AUTOS = YES_AGGRESSIVE;
				GCC_WARN_UNUSED_FUNCTION = YES;
				GCC_WARN_UNUSED_VARIABLE = YES;
				MACOSX_DEPLOYMENT_TARGET = 10.13;
				MTL_ENABLE_DEBUG_INFO = NO;
				MTL_FAST_MATH = YES;
				SDKROOT = macosx;
				SWIFT_COMPILATION_MODE = wholemodule;
				SWIFT_OPTIMIZATION_LEVEL = "-O";
			};
			name = Release;
		};
		FB56A8B3219A9E1E00B89696 /* Debug */ = {
			isa = XCBuildConfiguration;
			buildSettings = {
				CODE_SIGN_STYLE = Automatic;
				DEVELOPMENT_TEAM = WG5B567WWS;
				PRODUCT_NAME = "$(TARGET_NAME)";
				SWIFT_VERSION = 4.2;
			};
			name = Debug;
		};
		FB56A8B4219A9E1E00B89696 /* Release */ = {
			isa = XCBuildConfiguration;
			buildSettings = {
				CODE_SIGN_STYLE = Automatic;
				DEVELOPMENT_TEAM = WG5B567WWS;
				PRODUCT_NAME = "$(TARGET_NAME)";
				SWIFT_VERSION = 4.2;
			};
			name = Release;
		};
/* End XCBuildConfiguration section */

/* Begin XCConfigurationList section */
		FB56A8A6219A9E1E00B89696 /* Build configuration list for PBXProject "ZCPLeetCodeSwift" */ = {
			isa = XCConfigurationList;
			buildConfigurations = (
				FB56A8B0219A9E1E00B89696 /* Debug */,
				FB56A8B1219A9E1E00B89696 /* Release */,
			);
			defaultConfigurationIsVisible = 0;
			defaultConfigurationName = Release;
		};
		FB56A8B2219A9E1E00B89696 /* Build configuration list for PBXNativeTarget "ZCPLeetCodeSwift" */ = {
			isa = XCConfigurationList;
			buildConfigurations = (
				FB56A8B3219A9E1E00B89696 /* Debug */,
				FB56A8B4219A9E1E00B89696 /* Release */,
			);
			defaultConfigurationIsVisible = 0;
			defaultConfigurationName = Release;
		};
/* End XCConfigurationList section */
	};
	rootObject = FB56A8A3219A9E1E00B89696 /* Project object */;
}
